
Microsoft Visual Studio Solution File, Format Version 12.00
# Visual Studio Version 16
VisualStudioVersion = 16.0.32602.291
MinimumVisualStudioVersion = 10.0.40219.1
Project("{FAE04EC0-301F-11D3-BF4B-00C04F79EFBC}") = "TOGTest", "TOGTest.csproj", "{1A33F516-BE2D-47EF-8860-B06E206D3F70}"
EndProject
Global
	GlobalSection(SolutionConfigurationPlatforms) = preSolution
		Debug|Any CPU = Debug|Any CPU
		Release|Any CPU = Release|Any CPU
	EndGlobalSection
	GlobalSection(ProjectConfigurationPlatforms) = postSolution
		{1A33F516-BE2D-47EF-8860-B06E206D3F70}.Debug|Any CPU.ActiveCfg = Debug|Any CPU
		{1A33F516-BE2D-47EF-8860-B06E206D3F70}.Debug|Any CPU.Build.0 = Debug|Any CPU
		{1A33F516-BE2D-47EF-8860-B06E206D3F70}.Release|Any CPU.ActiveCfg = Release|Any CPU
		{1A33F516-BE2D-47EF-8860-B06E206D3F70}.Release|Any CPU.Build.0 = Release|Any CPU
	EndGlobalSection
	GlobalSection(SolutionProperties) = preSolution
		HideSolutionNode = FALSE
	EndGlobalSection
	GlobalSection(ExtensibilityGlobals) = postSolution
		SolutionGuid = {5EF3FDD2-8F1D-41F8-8DAC-50B4070E1AB1}
	EndGlobalSection
EndGlobal
